
Microsoft Visual Studio Solution File, Format Version 12.00
# Visual Studio Version 17
VisualStudioVersion = 17.5.33530.505
MinimumVisualStudioVersion = 10.0.40219.1
Project("{9A19103F-16F7-4668-BE54-9A1E7A4F7556}") = "02-DOMINIO", "DOMINIO\02-DOMINIO.csproj", "{CFB88FAD-CE7D-4D2E-8C7A-69518E7DFE64}"
EndProject
Project("{9A19103F-16F7-4668-BE54-9A1E7A4F7556}") = "00-PRESENTACION", "PRESENTACION\00-PRESENTACION.csproj", "{D87D1C64-F139-4DCD-A053-545EF98DAC90}"
EndProject
Project("{9A19103F-16F7-4668-BE54-9A1E7A4F7556}") = "01-APLICACION", "APLICACION\01-APLICACION.csproj", "{07AEF572-21F8-4897-AA52-927C6D2D217D}"
EndProject
Project("{9A19103F-16F7-4668-BE54-9A1E7A4F7556}") = "03-INFRAESTRUCTURA", "INFRAESTRUCTURA\03-INFRAESTRUCTURA.csproj", "{45EF3B14-8133-4FBE-8A79-5F71F43D53B5}"
EndProject
Project("{9A19103F-16F7-4668-BE54-9A1E7A4F7556}") = "00-PRESENTACION-WINFORM", "WINFORM 2.1\00-PRESENTACION-WINFORM.csproj", "{AF8D4CDF-9160-4C85-A5E9-454234FF1D9E}"
EndProject
Project("{9A19103F-16F7-4668-BE54-9A1E7A4F7556}") = "02-DOMINIO-Tests", "02-DOMINIO-Tests\02-DOMINIO-Tests.csproj", "{C5DB5AF8-52E7-497C-8D84-1C99158E275B}"
EndProject
Global
	GlobalSection(SolutionConfigurationPlatforms) = preSolution
		Debug|Any CPU = Debug|Any CPU
		Release|Any CPU = Release|Any CPU
	EndGlobalSection
	GlobalSection(ProjectConfigurationPlatforms) = postSolution
		{CFB88FAD-CE7D-4D2E-8C7A-69518E7DFE64}.Debug|Any CPU.ActiveCfg = Debug|Any CPU
		{CFB88FAD-CE7D-4D2E-8C7A-69518E7DFE64}.Debug|Any CPU.Build.0 = Debug|Any CPU
		{CFB88FAD-CE7D-4D2E-8C7A-69518E7DFE64}.Release|Any CPU.ActiveCfg = Release|Any CPU
		{CFB88FAD-CE7D-4D2E-8C7A-69518E7DFE64}.Release|Any CPU.Build.0 = Release|Any CPU
		{D87D1C64-F139-4DCD-A053-545EF98DAC90}.Debug|Any CPU.ActiveCfg = Debug|Any CPU
		{D87D1C64-F139-4DCD-A053-545EF98DAC90}.Debug|Any CPU.Build.0 = Debug|Any CPU
		{D87D1C64-F139-4DCD-A053-545EF98DAC90}.Release|Any CPU.ActiveCfg = Release|Any CPU
		{D87D1C64-F139-4DCD-A053-545EF98DAC90}.Release|Any CPU.Build.0 = Release|Any CPU
		{07AEF572-21F8-4897-AA52-927C6D2D217D}.Debug|Any CPU.ActiveCfg = Debug|Any CPU
		{07AEF572-21F8-4897-AA52-927C6D2D217D}.Debug|Any CPU.Build.0 = Debug|Any CPU
		{07AEF572-21F8-4897-AA52-927C6D2D217D}.Release|Any CPU.ActiveCfg = Release|Any CPU
		{07AEF572-21F8-4897-AA52-927C6D2D217D}.Release|Any CPU.Build.0 = Release|Any CPU
		{45EF3B14-8133-4FBE-8A79-5F71F43D53B5}.Debug|Any CPU.ActiveCfg = Debug|Any CPU
		{45EF3B14-8133-4FBE-8A79-5F71F43D53B5}.Debug|Any CPU.Build.0 = Debug|Any CPU
		{45EF3B14-8133-4FBE-8A79-5F71F43D53B5}.Release|Any CPU.ActiveCfg = Release|Any CPU
		{45EF3B14-8133-4FBE-8A79-5F71F43D53B5}.Release|Any CPU.Build.0 = Release|Any CPU
		{AF8D4CDF-9160-4C85-A5E9-454234FF1D9E}.Debug|Any CPU.ActiveCfg = Debug|Any CPU
		{AF8D4CDF-9160-4C85-A5E9-454234FF1D9E}.Debug|Any CPU.Build.0 = Debug|Any CPU
		{AF8D4CDF-9160-4C85-A5E9-454234FF1D9E}.Release|Any CPU.ActiveCfg = Release|Any CPU
		{AF8D4CDF-9160-4C85-A5E9-454234FF1D9E}.Release|Any CPU.Build.0 = Release|Any CPU
		{C5DB5AF8-52E7-497C-8D84-1C99158E275B}.Debug|Any CPU.ActiveCfg = Debug|Any CPU
		{C5DB5AF8-52E7-497C-8D84-1C99158E275B}.Debug|Any CPU.Build.0 = Debug|Any CPU
		{C5DB5AF8-52E7-497C-8D84-1C99158E275B}.Release|Any CPU.ActiveCfg = Release|Any CPU
		{C5DB5AF8-52E7-497C-8D84-1C99158E275B}.Release|Any CPU.Build.0 = Release|Any CPU
	EndGlobalSection
	GlobalSection(SolutionProperties) = preSolution
		HideSolutionNode = FALSE
	EndGlobalSection
	GlobalSection(ExtensibilityGlobals) = postSolution
		SolutionGuid = {CB62F5B6-7112-43AA-A05B-23F91CD4A892}
	EndGlobalSection
EndGlobal
